// !$*UTF8*$!
{
	archiveVersion = 1;
	classes = {
	};
	objectVersion = 56;
	objects = {

/* Begin PBXBuildFile section */
		F429C1C72AE11EA800500FE7 /* AppDelegate.swift in Sources */ = {isa = PBXBuildFile; fileRef = F429C1C62AE11EA800500FE7 /* AppDelegate.swift */; };
		F429C1C92AE11EA800500FE7 /* SceneDelegate.swift in Sources */ = {isa = PBXBuildFile; fileRef = F429C1C82AE11EA800500FE7 /* SceneDelegate.swift */; };
		F429C1CB2AE11EA800500FE7 /* ViewController.swift in Sources */ = {isa = PBXBuildFile; fileRef = F429C1CA2AE11EA800500FE7 /* ViewController.swift */; };
		F429C1CE2AE11EA800500FE7 /* Main.storyboard in Resources */ = {isa = PBXBuildFile; fileRef = F429C1CC2AE11EA800500FE7 /* Main.storyboard */; };
		F429C1D02AE11EA900500FE7 /* Assets.xcassets in Resources */ = {isa = PBXBuildFile; fileRef = F429C1CF2AE11EA900500FE7 /* Assets.xcassets */; };
		F429C1D32AE11EA900500FE7 /* LaunchScreen.storyboard in Resources */ = {isa = PBXBuildFile; fileRef = F429C1D12AE11EA900500FE7 /* LaunchScreen.storyboard */; };
		F429C1DF2AE1219600500FE7 /* Crypto.swift in Sources */ = {isa = PBXBuildFile; fileRef = F429C1DE2AE1219600500FE7 /* Crypto.swift */; };
		F429C1E12AE12E6B00500FE7 /* Webservice.swift in Sources */ = {isa = PBXBuildFile; fileRef = F429C1E02AE12E6B00500FE7 /* Webservice.swift */; };
		F429C1E32AE14BB900500FE7 /* CryptoViewModel.swift in Sources */ = {isa = PBXBuildFile; fileRef = F429C1E22AE14BB900500FE7 /* CryptoViewModel.swift */; };
		F429C1EA2AE14DF200500FE7 /* RxCocoa in Frameworks */ = {isa = PBXBuildFile; productRef = F429C1E92AE14DF200500FE7 /* RxCocoa */; };
		F429C1F22AE14DF200500FE7 /* RxSwift in Frameworks */ = {isa = PBXBuildFile; productRef = F429C1F12AE14DF200500FE7 /* RxSwift */; };
		F429C1FC2AE27BA400500FE7 /* CryptoTableViewCell.swift in Sources */ = {isa = PBXBuildFile; fileRef = F429C1FB2AE27BA400500FE7 /* CryptoTableViewCell.swift */; };
		F44395422B5444410091C97A /* Constants.swift in Sources */ = {isa = PBXBuildFile; fileRef = F44395412B5444410091C97A /* Constants.swift */; };
/* End PBXBuildFile section */

/* Begin PBXFileReference section */
		F429C1C32AE11EA800500FE7 /* CryptoCrazyRxMVVM.app */ = {isa = PBXFileReference; explicitFileType = wrapper.application; includeInIndex = 0; path = CryptoCrazyRxMVVM.app; sourceTree = BUILT_PRODUCTS_DIR; };
		F429C1C62AE11EA800500FE7 /* AppDelegate.swift */ = {isa = PBXFileReference; lastKnownFileType = sourcecode.swift; path = AppDelegate.swift; sourceTree = "<group>"; };
		F429C1C82AE11EA800500FE7 /* SceneDelegate.swift */ = {isa = PBXFileReference; lastKnownFileType = sourcecode.swift; path = SceneDelegate.swift; sourceTree = "<group>"; };
		F429C1CA2AE11EA800500FE7 /* ViewController.swift */ = {isa = PBXFileReference; lastKnownFileType = sourcecode.swift; path = ViewController.swift; sourceTree = "<group>"; };
		F429C1CD2AE11EA800500FE7 /* Base */ = {isa = PBXFileReference; lastKnownFileType = file.storyboard; name = Base; path = Base.lproj/Main.storyboard; sourceTree = "<group>"; };
		F429C1CF2AE11EA900500FE7 /* Assets.xcassets */ = {isa = PBXFileReference; lastKnownFileType = folder.assetcatalog; path = Assets.xcassets; sourceTree = "<group>"; };
		F429C1D22AE11EA900500FE7 /* Base */ = {isa = PBXFileReference; lastKnownFileType = file.storyboard; name = Base; path = Base.lproj/LaunchScreen.storyboard; sourceTree = "<group>"; };
		F429C1D42AE11EA900500FE7 /* Info.plist */ = {isa = PBXFileReference; lastKnownFileType = text.plist.xml; path = Info.plist; sourceTree = "<group>"; };
		F429C1DE2AE1219600500FE7 /* Crypto.swift */ = {isa = PBXFileReference; lastKnownFileType = sourcecode.swift; path = Crypto.swift; sourceTree = "<group>"; };
		F429C1E02AE12E6B00500FE7 /* Webservice.swift */ = {isa = PBXFileReference; lastKnownFileType = sourcecode.swift; path = Webservice.swift; sourceTree = "<group>"; };
		F429C1E22AE14BB900500FE7 /* CryptoViewModel.swift */ = {isa = PBXFileReference; lastKnownFileType = sourcecode.swift; path = CryptoViewModel.swift; sourceTree = "<group>"; };
		F429C1FB2AE27BA400500FE7 /* CryptoTableViewCell.swift */ = {isa = PBXFileReference; lastKnownFileType = sourcecode.swift; path = CryptoTableViewCell.swift; sourceTree = "<group>"; };
		F44395412B5444410091C97A /* Constants.swift */ = {isa = PBXFileReference; lastKnownFileType = sourcecode.swift; path = Constants.swift; sourceTree = "<group>"; };
/* End PBXFileReference section */

/* Begin PBXFrameworksBuildPhase section */
		F429C1C02AE11EA800500FE7 /* Frameworks */ = {
			isa = PBXFrameworksBuildPhase;
			buildActionMask = 2147483647;
			files = (
				F429C1EA2AE14DF200500FE7 /* RxCocoa in Frameworks */,
				F429C1F22AE14DF200500FE7 /* RxSwift in Frameworks */,
			);
			runOnlyForDeploymentPostprocessing = 0;
		};
/* End PBXFrameworksBuildPhase section */

/* Begin PBXGroup section */
		F429C1BA2AE11EA800500FE7 = {
			isa = PBXGroup;
			children = (
				F429C1C52AE11EA800500FE7 /* CryptoCrazyRxMVVM */,
				F429C1C42AE11EA800500FE7 /* Products */,
			);
			sourceTree = "<group>";
		};
		F429C1C42AE11EA800500FE7 /* Products */ = {
			isa = PBXGroup;
			children = (
				F429C1C32AE11EA800500FE7 /* CryptoCrazyRxMVVM.app */,
			);
			name = Products;
			sourceTree = "<group>";
		};
		F429C1C52AE11EA800500FE7 /* CryptoCrazyRxMVVM */ = {
			isa = PBXGroup;
			children = (
				F429C1DD2AE120CA00500FE7 /* Service */,
				F429C1DC2AE1208E00500FE7 /* ViewModel */,
				F429C1DB2AE1208300500FE7 /* Model */,
				F429C1DA2AE1207000500FE7 /* View */,
				F429C1CC2AE11EA800500FE7 /* Main.storyboard */,
				F429C1CF2AE11EA900500FE7 /* Assets.xcassets */,
				F429C1D12AE11EA900500FE7 /* LaunchScreen.storyboard */,
				F429C1D42AE11EA900500FE7 /* Info.plist */,
				F44395412B5444410091C97A /* Constants.swift */,
			);
			path = CryptoCrazyRxMVVM;
			sourceTree = "<group>";
		};
		F429C1DA2AE1207000500FE7 /* View */ = {
			isa = PBXGroup;
			children = (
				F429C1C62AE11EA800500FE7 /* AppDelegate.swift */,
				F429C1C82AE11EA800500FE7 /* SceneDelegate.swift */,
				F429C1CA2AE11EA800500FE7 /* ViewController.swift */,
				F429C1FB2AE27BA400500FE7 /* CryptoTableViewCell.swift */,
			);
			path = View;
			sourceTree = "<group>";
		};
		F429C1DB2AE1208300500FE7 /* Model */ = {
			isa = PBXGroup;
			children = (
				F429C1DE2AE1219600500FE7 /* Crypto.swift */,
			);
			path = Model;
			sourceTree = "<group>";
		};
		F429C1DC2AE1208E00500FE7 /* ViewModel */ = {
			isa = PBXGroup;
			children = (
				F429C1E22AE14BB900500FE7 /* CryptoViewModel.swift */,
			);
			path = ViewModel;
			sourceTree = "<group>";
		};
		F429C1DD2AE120CA00500FE7 /* Service */ = {
			isa = PBXGroup;
			children = (
				F429C1E02AE12E6B00500FE7 /* Webservice.swift */,
			);
			path = Service;
			sourceTree = "<group>";
		};
/* End PBXGroup section */

/* Begin PBXNativeTarget section */
		F429C1C22AE11EA800500FE7 /* CryptoCrazyRxMVVM */ = {
			isa = PBXNativeTarget;
			buildConfigurationList = F429C1D72AE11EA900500FE7 /* Build configuration list for PBXNativeTarget "CryptoCrazyRxMVVM" */;
			buildPhases = (
				F429C1BF2AE11EA800500FE7 /* Sources */,
				F429C1C02AE11EA800500FE7 /* Frameworks */,
				F429C1C12AE11EA800500FE7 /* Resources */,
			);
			buildRules = (
			);
			dependencies = (
			);
			name = CryptoCrazyRxMVVM;
			packageProductDependencies = (
				F429C1E92AE14DF200500FE7 /* RxCocoa */,
				F429C1F12AE14DF200500FE7 /* RxSwift */,
			);
			productName = CryptoCrazyRxMVVM;
			productReference = F429C1C32AE11EA800500FE7 /* CryptoCrazyRxMVVM.app */;
			productType = "com.apple.product-type.application";
		};
/* End PBXNativeTarget section */

/* Begin PBXProject section */
		F429C1BB2AE11EA800500FE7 /* Project object */ = {
			isa = PBXProject;
			attributes = {
				BuildIndependentTargetsInParallel = 1;
				LastSwiftUpdateCheck = 1500;
				LastUpgradeCheck = 1500;
				TargetAttributes = {
					F429C1C22AE11EA800500FE7 = {
						CreatedOnToolsVersion = 15.0;
					};
				};
			};
			buildConfigurationList = F429C1BE2AE11EA800500FE7 /* Build configuration list for PBXProject "CryptoCrazyRxMVVM" */;
			compatibilityVersion = "Xcode 14.0";
			developmentRegion = en;
			hasScannedForEncodings = 0;
			knownRegions = (
				en,
				Base,
			);
			mainGroup = F429C1BA2AE11EA800500FE7;
			packageReferences = (
				F429C1E42AE14DF200500FE7 /* XCRemoteSwiftPackageReference "RxSwift" */,
			);
			productRefGroup = F429C1C42AE11EA800500FE7 /* Products */;
			projectDirPath = "";
			projectRoot = "";
			targets = (
				F429C1C22AE11EA800500FE7 /* CryptoCrazyRxMVVM */,
			);
		};
/* End PBXProject section */

/* Begin PBXResourcesBuildPhase section */
		F429C1C12AE11EA800500FE7 /* Resources */ = {
			isa = PBXResourcesBuildPhase;
			buildActionMask = 2147483647;
			files = (
				F429C1D32AE11EA900500FE7 /* LaunchScreen.storyboard in Resources */,
				F429C1D02AE11EA900500FE7 /* Assets.xcassets in Resources */,
				F429C1CE2AE11EA800500FE7 /* Main.storyboard in Resources */,
			);
			runOnlyForDeploymentPostprocessing = 0;
		};
/* End PBXResourcesBuildPhase section */

/* Begin PBXSourcesBuildPhase section */
		F429C1BF2AE11EA800500FE7 /* Sources */ = {
			isa = PBXSourcesBuildPhase;
			buildActionMask = 2147483647;
			files = (
				F429C1DF2AE1219600500FE7 /* Crypto.swift in Sources */,
				F429C1CB2AE11EA800500FE7 /* ViewController.swift in Sources */,
				F429C1C72AE11EA800500FE7 /* AppDelegate.swift in Sources */,
				F429C1E12AE12E6B00500FE7 /* Webservice.swift in Sources */,
				F429C1C92AE11EA800500FE7 /* SceneDelegate.swift in Sources */,
				F429C1E32AE14BB900500FE7 /* CryptoViewModel.swift in Sources */,
				F429C1FC2AE27BA400500FE7 /* CryptoTableViewCell.swift in Sources */,
				F44395422B5444410091C97A /* Constants.swift in Sources */,
			);
			runOnlyForDeploymentPostprocessing = 0;
		};
/* End PBXSourcesBuildPhase section */

/* Begin PBXVariantGroup section */
		F429C1CC2AE11EA800500FE7 /* Main.storyboard */ = {
			isa = PBXVariantGroup;
			children = (
				F429C1CD2AE11EA800500FE7 /* Base */,
			);
			name = Main.storyboard;
			sourceTree = "<group>";
		};
		F429C1D12AE11EA900500FE7 /* LaunchScreen.storyboard */ = {
			isa = PBXVariantGroup;
			children = (
				F429C1D22AE11EA900500FE7 /* Base */,
			);
			name = LaunchScreen.storyboard;
			sourceTree = "<group>";
		};
/* End PBXVariantGroup section */

/* Begin XCBuildConfiguration section */
		F429C1D52AE11EA900500FE7 /* Debug */ = {
			isa = XCBuildConfiguration;
			buildSettings = {
				ALWAYS_SEARCH_USER_PATHS = NO;
				ASSETCATALOG_COMPILER_GENERATE_SWIFT_ASSET_SYMBOL_EXTENSIONS = YES;
				CLANG_ANALYZER_NONNULL = YES;
				CLANG_ANALYZER_NUMBER_OBJECT_CONVERSION = YES_AGGRESSIVE;
				CLANG_CXX_LANGUAGE_STANDARD = "gnu++20";
				CLANG_ENABLE_MODULES = YES;
				CLANG_ENABLE_OBJC_ARC = YES;
				CLANG_ENABLE_OBJC_WEAK = YES;
				CLANG_WARN_BLOCK_CAPTURE_AUTORELEASING = YES;
				CLANG_WARN_BOOL_CONVERSION = YES;
				CLANG_WARN_COMMA = YES;
				CLANG_WARN_CONSTANT_CONVERSION = YES;
				CLANG_WARN_DEPRECATED_OBJC_IMPLEMENTATIONS = YES;
				CLANG_WARN_DIRECT_OBJC_ISA_USAGE = YES_ERROR;
				CLANG_WARN_DOCUMENTATION_COMMENTS = YES;
				CLANG_WARN_EMPTY_BODY = YES;
				CLANG_WARN_ENUM_CONVERSION = YES;
				CLANG_WARN_INFINITE_RECURSION = YES;
				CLANG_WARN_INT_CONVERSION = YES;
				CLANG_WARN_NON_LITERAL_NULL_CONVERSION = YES;
				CLANG_WARN_OBJC_IMPLICIT_RETAIN_SELF = YES;
				CLANG_WARN_OBJC_LITERAL_CONVERSION = YES;
				CLANG_WARN_OBJC_ROOT_CLASS = YES_ERROR;
				CLANG_WARN_QUOTED_INCLUDE_IN_FRAMEWORK_HEADER = YES;
				CLANG_WARN_RANGE_LOOP_ANALYSIS = YES;
				CLANG_WARN_STRICT_PROTOTYPES = YES;
				CLANG_WARN_SUSPICIOUS_MOVE = YES;
				CLANG_WARN_UNGUARDED_AVAILABILITY = YES_AGGRESSIVE;
				CLANG_WARN_UNREACHABLE_CODE = YES;
				CLANG_WARN__DUPLICATE_METHOD_MATCH = YES;
				COPY_PHASE_STRIP = NO;
				DEBUG_INFORMATION_FORMAT = dwarf;
				ENABLE_STRICT_OBJC_MSGSEND = YES;
				ENABLE_TESTABILITY = YES;
				ENABLE_USER_SCRIPT_SANDBOXING = YES;
				GCC_C_LANGUAGE_STANDARD = gnu17;
				GCC_DYNAMIC_NO_PIC = NO;
				GCC_NO_COMMON_BLOCKS = YES;
				GCC_OPTIMIZATION_LEVEL = 0;
				GCC_PREPROCESSOR_DEFINITIONS = (
					"DEBUG=1",
					"$(inherited)",
				);
				GCC_WARN_64_TO_32_BIT_CONVERSION = YES;
				GCC_WARN_ABOUT_RETURN_TYPE = YES_ERROR;
				GCC_WARN_UNDECLARED_SELECTOR = YES;
				GCC_WARN_UNINITIALIZED_AUTOS = YES_AGGRESSIVE;
				GCC_WARN_UNUSED_FUNCTION = YES;
				GCC_WARN_UNUSED_VARIABLE = YES;
				IPHONEOS_DEPLOYMENT_TARGET = 17.0;
				LOCALIZATION_PREFERS_STRING_CATALOGS = YES;
				MTL_ENABLE_DEBUG_INFO = INCLUDE_SOURCE;
				MTL_FAST_MATH = YES;
				ONLY_ACTIVE_ARCH = YES;
				SDKROOT = iphoneos;
				SWIFT_ACTIVE_COMPILATION_CONDITIONS = "DEBUG $(inherited)";
				SWIFT_OPTIMIZATION_LEVEL = "-Onone";
			};
			name = Debug;
		};
		F429C1D62AE11EA900500FE7 /* Release */ = {
			isa = XCBuildConfiguration;
			buildSettings = {
				ALWAYS_SEARCH_USER_PATHS = NO;
				ASSETCATALOG_COMPILER_GENERATE_SWIFT_ASSET_SYMBOL_EXTENSIONS = YES;
				CLANG_ANALYZER_NONNULL = YES;
				CLANG_ANALYZER_NUMBER_OBJECT_CONVERSION = YES_AGGRESSIVE;
				CLANG_CXX_LANGUAGE_STANDARD = "gnu++20";
				CLANG_ENABLE_MODULES = YES;
				CLANG_ENABLE_OBJC_ARC = YES;
				CLANG_ENABLE_OBJC_WEAK = YES;
				CLANG_WARN_BLOCK_CAPTURE_AUTORELEASING = YES;
				CLANG_WARN_BOOL_CONVERSION = YES;
				CLANG_WARN_COMMA = YES;
				CLANG_WARN_CONSTANT_CONVERSION = YES;
				CLANG_WARN_DEPRECATED_OBJC_IMPLEMENTATIONS = YES;
				CLANG_WARN_DIRECT_OBJC_ISA_USAGE = YES_ERROR;
				CLANG_WARN_DOCUMENTATION_COMMENTS = YES;
				CLANG_WARN_EMPTY_BODY = YES;
				CLANG_WARN_ENUM_CONVERSION = YES;
				CLANG_WARN_INFINITE_RECURSION = YES;
				CLANG_WARN_INT_CONVERSION = YES;
				CLANG_WARN_NON_LITERAL_NULL_CONVERSION = YES;
				CLANG_WARN_OBJC_IMPLICIT_RETAIN_SELF = YES;
				CLANG_WARN_OBJC_LITERAL_CONVERSION = YES;
				CLANG_WARN_OBJC_ROOT_CLASS = YES_ERROR;
				CLANG_WARN_QUOTED_INCLUDE_IN_FRAMEWORK_HEADER = YES;
				CLANG_WARN_RANGE_LOOP_ANALYSIS = YES;
				CLANG_WARN_STRICT_PROTOTYPES = YES;
				CLANG_WARN_SUSPICIOUS_MOVE = YES;
				CLANG_WARN_UNGUARDED_AVAILABILITY = YES_AGGRESSIVE;
				CLANG_WARN_UNREACHABLE_CODE = YES;
				CLANG_WARN__DUPLICATE_METHOD_MATCH = YES;
				COPY_PHASE_STRIP = NO;
				DEBUG_INFORMATION_FORMAT = "dwarf-with-dsym";
				ENABLE_NS_ASSERTIONS = NO;
				ENABLE_STRICT_OBJC_MSGSEND = YES;
				ENABLE_USER_SCRIPT_SANDBOXING = YES;
				GCC_C_LANGUAGE_STANDARD = gnu17;
				GCC_NO_COMMON_BLOCKS = YES;
				GCC_WARN_64_TO_32_BIT_CONVERSION = YES;
				GCC_WARN_ABOUT_RETURN_TYPE = YES_ERROR;
				GCC_WARN_UNDECLARED_SELECTOR = YES;
				GCC_WARN_UNINITIALIZED_AUTOS = YES_AGGRESSIVE;
				GCC_WARN_UNUSED_FUNCTION = YES;
				GCC_WARN_UNUSED_VARIABLE = YES;
				IPHONEOS_DEPLOYMENT_TARGET = 17.0;
				LOCALIZATION_PREFERS_STRING_CATALOGS = YES;
				MTL_ENABLE_DEBUG_INFO = NO;
				MTL_FAST_MATH = YES;
				SDKROOT = iphoneos;
				SWIFT_COMPILATION_MODE = wholemodule;
				VALIDATE_PRODUCT = YES;
			};
			name = Release;
		};
		F429C1D82AE11EA900500FE7 /* Debug */ = {
			isa = XCBuildConfiguration;
			buildSettings = {
				ASSETCATALOG_COMPILER_APPICON_NAME = AppIcon;
				ASSETCATALOG_COMPILER_GLOBAL_ACCENT_COLOR_NAME = AccentColor;
				CODE_SIGN_STYLE = Automatic;
				CURRENT_PROJECT_VERSION = 1;
				DEVELOPMENT_TEAM = 98YXJBZVMH;
				GENERATE_INFOPLIST_FILE = YES;
				INFOPLIST_FILE = CryptoCrazyRxMVVM/Info.plist;
				INFOPLIST_KEY_UIApplicationSupportsIndirectInputEvents = YES;
				INFOPLIST_KEY_UILaunchStoryboardName = LaunchScreen;
				INFOPLIST_KEY_UIMainStoryboardFile = Main;
				INFOPLIST_KEY_UISupportedInterfaceOrientations_iPad = "UIInterfaceOrientationPortrait UIInterfaceOrientationPortraitUpsideDown UIInterfaceOrientationLandscapeLeft UIInterfaceOrientationLandscapeRight";
				INFOPLIST_KEY_UISupportedInterfaceOrientations_iPhone = "UIInterfaceOrientationPortrait UIInterfaceOrientationLandscapeLeft UIInterfaceOrientationLandscapeRight";
				LD_RUNPATH_SEARCH_PATHS = (
					"$(inherited)",
					"@executable_path/Frameworks",
				);
				MARKETING_VERSION = 1.0;
				PRODUCT_BUNDLE_IDENTIFIER = com.hasanbilgin.CryptoCrazyRxMVVM;
				PRODUCT_NAME = "$(TARGET_NAME)";
				SWIFT_EMIT_LOC_STRINGS = YES;
				SWIFT_VERSION = 5.0;
				TARGETED_DEVICE_FAMILY = "1,2";
			};
			name = Debug;
		};
		F429C1D92AE11EA900500FE7 /* Release */ = {
			isa = XCBuildConfiguration;
			buildSettings = {
				ASSETCATALOG_COMPILER_APPICON_NAME = AppIcon;
				ASSETCATALOG_COMPILER_GLOBAL_ACCENT_COLOR_NAME = AccentColor;
				CODE_SIGN_STYLE = Automatic;
				CURRENT_PROJECT_VERSION = 1;
				DEVELOPMENT_TEAM = 98YXJBZVMH;
				GENERATE_INFOPLIST_FILE = YES;
				INFOPLIST_FILE = CryptoCrazyRxMVVM/Info.plist;
				INFOPLIST_KEY_UIApplicationSupportsIndirectInputEvents = YES;
				INFOPLIST_KEY_UILaunchStoryboardName = LaunchScreen;
				INFOPLIST_KEY_UIMainStoryboardFile = Main;
				INFOPLIST_KEY_UISupportedInterfaceOrientations_iPad = "UIInterfaceOrientationPortrait UIInterfaceOrientationPortraitUpsideDown UIInterfaceOrientationLandscapeLeft UIInterfaceOrientationLandscapeRight";
				INFOPLIST_KEY_UISupportedInterfaceOrientations_iPhone = "UIInterfaceOrientationPortrait UIInterfaceOrientationLandscapeLeft UIInterfaceOrientationLandscapeRight";
				LD_RUNPATH_SEARCH_PATHS = (
					"$(inherited)",
					"@executable_path/Frameworks",
				);
				MARKETING_VERSION = 1.0;
				PRODUCT_BUNDLE_IDENTIFIER = com.hasanbilgin.CryptoCrazyRxMVVM;
				PRODUCT_NAME = "$(TARGET_NAME)";
				SWIFT_EMIT_LOC_STRINGS = YES;
				SWIFT_VERSION = 5.0;
				TARGETED_DEVICE_FAMILY = "1,2";
			};
			name = Release;
		};
/* End XCBuildConfiguration section */

/* Begin XCConfigurationList section */
		F429C1BE2AE11EA800500FE7 /* Build configuration list for PBXProject "CryptoCrazyRxMVVM" */ = {
			isa = XCConfigurationList;
			buildConfigurations = (
				F429C1D52AE11EA900500FE7 /* Debug */,
				F429C1D62AE11EA900500FE7 /* Release */,
			);
			defaultConfigurationIsVisible = 0;
			defaultConfigurationName = Release;
		};
		F429C1D72AE11EA900500FE7 /* Build configuration list for PBXNativeTarget "CryptoCrazyRxMVVM" */ = {
			isa = XCConfigurationList;
			buildConfigurations = (
				F429C1D82AE11EA900500FE7 /* Debug */,
				F429C1D92AE11EA900500FE7 /* Release */,
			);
			defaultConfigurationIsVisible = 0;
			defaultConfigurationName = Release;
		};
/* End XCConfigurationList section */

/* Begin XCRemoteSwiftPackageReference section */
		F429C1E42AE14DF200500FE7 /* XCRemoteSwiftPackageReference "RxSwift" */ = {
			isa = XCRemoteSwiftPackageReference;
			repositoryURL = "https://github.com/ReactiveX/RxSwift";
			requirement = {
				kind = upToNextMajorVersion;
				minimumVersion = 6.6.0;
			};
		};
/* End XCRemoteSwiftPackageReference section */

/* Begin XCSwiftPackageProductDependency section */
		F429C1E92AE14DF200500FE7 /* RxCocoa */ = {
			isa = XCSwiftPackageProductDependency;
			package = F429C1E42AE14DF200500FE7 /* XCRemoteSwiftPackageReference "RxSwift" */;
			productName = RxCocoa;
		};
		F429C1F12AE14DF200500FE7 /* RxSwift */ = {
			isa = XCSwiftPackageProductDependency;
			package = F429C1E42AE14DF200500FE7 /* XCRemoteSwiftPackageReference "RxSwift" */;
			productName = RxSwift;
		};
/* End XCSwiftPackageProductDependency section */
	};
	rootObject = F429C1BB2AE11EA800500FE7 /* Project object */;
}
